
Microsoft Visual Studio Solution File, Format Version 12.00
# Visual Studio Version 17
VisualStudioVersion = 17.4.33205.214
MinimumVisualStudioVersion = 10.0.40219.1
Project("{FAE04EC0-301F-11D3-BF4B-00C04F79EFBC}") = "RefpropDLL", "RefpropDLL\RefpropDLL.csproj", "{54455F0B-34F7-4B52-BEE6-72C7BF15A007}"
EndProject
Project("{FAE04EC0-301F-11D3-BF4B-00C04F79EFBC}") = "Refprop_Example", "Refprop_Example\Refprop_Example.csproj", "{8E17BC1E-D7C5-4317-A7A7-3F3DE8212773}"
EndProject
Global
	GlobalSection(SolutionConfigurationPlatforms) = preSolution
		Debug|Any CPU = Debug|Any CPU
		Release|Any CPU = Release|Any CPU
	EndGlobalSection
	GlobalSection(ProjectConfigurationPlatforms) = postSolution
		{54455F0B-34F7-4B52-BEE6-72C7BF15A007}.Debug|Any CPU.ActiveCfg = Debug|Any CPU
		{54455F0B-34F7-4B52-BEE6-72C7BF15A007}.Debug|Any CPU.Build.0 = Debug|Any CPU
		{54455F0B-34F7-4B52-BEE6-72C7BF15A007}.Release|Any CPU.ActiveCfg = Release|Any CPU
		{54455F0B-34F7-4B52-BEE6-72C7BF15A007}.Release|Any CPU.Build.0 = Release|Any CPU
		{8E17BC1E-D7C5-4317-A7A7-3F3DE8212773}.Debug|Any CPU.ActiveCfg = Debug|Any CPU
		{8E17BC1E-D7C5-4317-A7A7-3F3DE8212773}.Debug|Any CPU.Build.0 = Debug|Any CPU
		{8E17BC1E-D7C5-4317-A7A7-3F3DE8212773}.Release|Any CPU.ActiveCfg = Release|Any CPU
		{8E17BC1E-D7C5-4317-A7A7-3F3DE8212773}.Release|Any CPU.Build.0 = Release|Any CPU
	EndGlobalSection
	GlobalSection(SolutionProperties) = preSolution
		HideSolutionNode = FALSE
	EndGlobalSection
	GlobalSection(ExtensibilityGlobals) = postSolution
		SolutionGuid = {66E5718F-9425-4A98-9D55-DB0A82BD582E}
	EndGlobalSection
EndGlobal
